
Microsoft Visual Studio Solution File, Format Version 12.00
# Visual Studio Version 17
VisualStudioVersion = 17.10.34928.147
MinimumVisualStudioVersion = 10.0.40219.1
Project("{9A19103F-16F7-4668-BE54-9A1E7A4F7556}") = "AzureADTestAPI", "AzureADTestAPI.csproj", "{95AA5758-C9EC-4DEB-AA6D-749089773B9C}"
EndProject
Global
	GlobalSection(SolutionConfigurationPlatforms) = preSolution
		Debug|Any CPU = Debug|Any CPU
		Release|Any CPU = Release|Any CPU
	EndGlobalSection
	GlobalSection(ProjectConfigurationPlatforms) = postSolution
		{95AA5758-C9EC-4DEB-AA6D-749089773B9C}.Debug|Any CPU.ActiveCfg = Debug|Any CPU
		{95AA5758-C9EC-4DEB-AA6D-749089773B9C}.Debug|Any CPU.Build.0 = Debug|Any CPU
		{95AA5758-C9EC-4DEB-AA6D-749089773B9C}.Release|Any CPU.ActiveCfg = Release|Any CPU
		{95AA5758-C9EC-4DEB-AA6D-749089773B9C}.Release|Any CPU.Build.0 = Release|Any CPU		
	EndGlobalSection
	GlobalSection(SolutionProperties) = preSolution
		HideSolutionNode = FALSE
	EndGlobalSection
	GlobalSection(ExtensibilityGlobals) = postSolution
		SolutionGuid = {7D82A4EB-717B-4547-A89A-30AACCCA287B}
	EndGlobalSection
EndGlobal
